
Microsoft Visual Studio Solution File, Format Version 12.00
# Visual Studio 15
VisualStudioVersion = 15.0.28307.572
MinimumVisualStudioVersion = 10.0.40219.1
Project("{FAE04EC0-301F-11D3-BF4B-00C04F79EFBC}") = "Gifter.Android", "Gifter\Gifter.Android\Gifter.Android.csproj", "{7551D04C-F3D9-471D-9EBA-22A7D05DC675}"
EndProject
Project("{FAE04EC0-301F-11D3-BF4B-00C04F79EFBC}") = "Gifter.iOS", "Gifter\Gifter.iOS\Gifter.iOS.csproj", "{944D8EF8-1E10-4A2B-ACE0-AEDE538D8D68}"
EndProject
Project("{9A19103F-16F7-4668-BE54-9A1E7A4F7556}") = "Gifter", "Gifter\Gifter\Gifter.csproj", "{08562349-80D4-4E07-97B3-27689A6EB043}"
EndProject
Global
	GlobalSection(SolutionConfigurationPlatforms) = preSolution
		Ad-Hoc|Any CPU = Ad-Hoc|Any CPU
		Ad-Hoc|iPhone = Ad-Hoc|iPhone
		Ad-Hoc|iPhoneSimulator = Ad-Hoc|iPhoneSimulator
		AppStore|Any CPU = AppStore|Any CPU
		AppStore|iPhone = AppStore|iPhone
		AppStore|iPhoneSimulator = AppStore|iPhoneSimulator
		Debug|Any CPU = Debug|Any CPU
		Debug|iPhone = Debug|iPhone
		Debug|iPhoneSimulator = Debug|iPhoneSimulator
		Release|Any CPU = Release|Any CPU
		Release|iPhone = Release|iPhone
		Release|iPhoneSimulator = Release|iPhoneSimulator
	EndGlobalSection
	GlobalSection(ProjectConfigurationPlatforms) = postSolution
		{7551D04C-F3D9-471D-9EBA-22A7D05DC675}.Ad-Hoc|Any CPU.ActiveCfg = Release|Any CPU
		{7551D04C-F3D9-471D-9EBA-22A7D05DC675}.Ad-Hoc|Any CPU.Build.0 = Release|Any CPU
		{7551D04C-F3D9-471D-9EBA-22A7D05DC675}.Ad-Hoc|Any CPU.Deploy.0 = Release|Any CPU
		{7551D04C-F3D9-471D-9EBA-22A7D05DC675}.Ad-Hoc|iPhone.ActiveCfg = Release|Any CPU
		{7551D04C-F3D9-471D-9EBA-22A7D05DC675}.Ad-Hoc|iPhone.Build.0 = Release|Any CPU
		{7551D04C-F3D9-471D-9EBA-22A7D05DC675}.Ad-Hoc|iPhone.Deploy.0 = Release|Any CPU
		{7551D04C-F3D9-471D-9EBA-22A7D05DC675}.Ad-Hoc|iPhoneSimulator.ActiveCfg = Release|Any CPU
		{7551D04C-F3D9-471D-9EBA-22A7D05DC675}.Ad-Hoc|iPhoneSimulator.Build.0 = Release|Any CPU
		{7551D04C-F3D9-471D-9EBA-22A7D05DC675}.Ad-Hoc|iPhoneSimulator.Deploy.0 = Release|Any CPU
		{7551D04C-F3D9-471D-9EBA-22A7D05DC675}.AppStore|Any CPU.ActiveCfg = Release|Any CPU
		{7551D04C-F3D9-471D-9EBA-22A7D05DC675}.AppStore|Any CPU.Build.0 = Release|Any CPU
		{7551D04C-F3D9-471D-9EBA-22A7D05DC675}.AppStore|Any CPU.Deploy.0 = Release|Any CPU
		{7551D04C-F3D9-471D-9EBA-22A7D05DC675}.AppStore|iPhone.ActiveCfg = Release|Any CPU
		{7551D04C-F3D9-471D-9EBA-22A7D05DC675}.AppStore|iPhone.Build.0 = Release|Any CPU
		{7551D04C-F3D9-471D-9EBA-22A7D05DC675}.AppStore|iPhone.Deploy.0 = Release|Any CPU
		{7551D04C-F3D9-471D-9EBA-22A7D05DC675}.AppStore|iPhoneSimulator.ActiveCfg = Release|Any CPU
		{7551D04C-F3D9-471D-9EBA-22A7D05DC675}.AppStore|iPhoneSimulator.Build.0 = Release|Any CPU
		{7551D04C-F3D9-471D-9EBA-22A7D05DC675}.AppStore|iPhoneSimulator.Deploy.0 = Release|Any CPU
		{7551D04C-F3D9-471D-9EBA-22A7D05DC675}.Debug|Any CPU.ActiveCfg = Debug|Any CPU
		{7551D04C-F3D9-471D-9EBA-22A7D05DC675}.Debug|Any CPU.Build.0 = Debug|Any CPU
		{7551D04C-F3D9-471D-9EBA-22A7D05DC675}.Debug|Any CPU.Deploy.0 = Debug|Any CPU
		{7551D04C-F3D9-471D-9EBA-22A7D05DC675}.Debug|iPhone.ActiveCfg = Debug|Any CPU
		{7551D04C-F3D9-471D-9EBA-22A7D05DC675}.Debug|iPhone.Build.0 = Debug|Any CPU
		{7551D04C-F3D9-471D-9EBA-22A7D05DC675}.Debug|iPhone.Deploy.0 = Debug|Any CPU
		{7551D04C-F3D9-471D-9EBA-22A7D05DC675}.Debug|iPhoneSimulator.ActiveCfg = Debug|Any CPU
		{7551D04C-F3D9-471D-9EBA-22A7D05DC675}.Debug|iPhoneSimulator.Build.0 = Debug|Any CPU
		{7551D04C-F3D9-471D-9EBA-22A7D05DC675}.Debug|iPhoneSimulator.Deploy.0 = Debug|Any CPU
		{7551D04C-F3D9-471D-9EBA-22A7D05DC675}.Release|Any CPU.ActiveCfg = Release|Any CPU
		{7551D04C-F3D9-471D-9EBA-22A7D05DC675}.Release|Any CPU.Build.0 = Release|Any CPU
		{7551D04C-F3D9-471D-9EBA-22A7D05DC675}.Release|Any CPU.Deploy.0 = Release|Any CPU
		{7551D04C-F3D9-471D-9EBA-22A7D05DC675}.Release|iPhone.ActiveCfg = Release|Any CPU
		{7551D04C-F3D9-471D-9EBA-22A7D05DC675}.Release|iPhone.Build.0 = Release|Any CPU
		{7551D04C-F3D9-471D-9EBA-22A7D05DC675}.Release|iPhone.Deploy.0 = Release|Any CPU
		{7551D04C-F3D9-471D-9EBA-22A7D05DC675}.Release|iPhoneSimulator.ActiveCfg = Release|Any CPU
		{7551D04C-F3D9-471D-9EBA-22A7D05DC675}.Release|iPhoneSimulator.Build.0 = Release|Any CPU
		{7551D04C-F3D9-471D-9EBA-22A7D05DC675}.Release|iPhoneSimulator.Deploy.0 = Release|Any CPU
		{944D8EF8-1E10-4A2B-ACE0-AEDE538D8D68}.Ad-Hoc|Any CPU.ActiveCfg = Ad-Hoc|iPhone
		{944D8EF8-1E10-4A2B-ACE0-AEDE538D8D68}.Ad-Hoc|Any CPU.Build.0 = Ad-Hoc|iPhone
		{944D8EF8-1E10-4A2B-ACE0-AEDE538D8D68}.Ad-Hoc|Any CPU.Deploy.0 = Ad-Hoc|iPhone
		{944D8EF8-1E10-4A2B-ACE0-AEDE538D8D68}.Ad-Hoc|iPhone.ActiveCfg = Ad-Hoc|iPhone
		{944D8EF8-1E10-4A2B-ACE0-AEDE538D8D68}.Ad-Hoc|iPhone.Build.0 = Ad-Hoc|iPhone
		{944D8EF8-1E10-4A2B-ACE0-AEDE538D8D68}.Ad-Hoc|iPhone.Deploy.0 = Ad-Hoc|iPhone
		{944D8EF8-1E10-4A2B-ACE0-AEDE538D8D68}.Ad-Hoc|iPhoneSimulator.ActiveCfg = Ad-Hoc|iPhoneSimulator
		{944D8EF8-1E10-4A2B-ACE0-AEDE538D8D68}.Ad-Hoc|iPhoneSimulator.Build.0 = Ad-Hoc|iPhoneSimulator
		{944D8EF8-1E10-4A2B-ACE0-AEDE538D8D68}.Ad-Hoc|iPhoneSimulator.Deploy.0 = Ad-Hoc|iPhoneSimulator
		{944D8EF8-1E10-4A2B-ACE0-AEDE538D8D68}.AppStore|Any CPU.ActiveCfg = AppStore|iPhone
		{944D8EF8-1E10-4A2B-ACE0-AEDE538D8D68}.AppStore|Any CPU.Build.0 = AppStore|iPhone
		{944D8EF8-1E10-4A2B-ACE0-AEDE538D8D68}.AppStore|Any CPU.Deploy.0 = AppStore|iPhone
		{944D8EF8-1E10-4A2B-ACE0-AEDE538D8D68}.AppStore|iPhone.ActiveCfg = AppStore|iPhone
		{944D8EF8-1E10-4A2B-ACE0-AEDE538D8D68}.AppStore|iPhone.Build.0 = AppStore|iPhone
		{944D8EF8-1E10-4A2B-ACE0-AEDE538D8D68}.AppStore|iPhone.Deploy.0 = AppStore|iPhone
		{944D8EF8-1E10-4A2B-ACE0-AEDE538D8D68}.AppStore|iPhoneSimulator.ActiveCfg = AppStore|iPhoneSimulator
		{944D8EF8-1E10-4A2B-ACE0-AEDE538D8D68}.AppStore|iPhoneSimulator.Build.0 = AppStore|iPhoneSimulator
		{944D8EF8-1E10-4A2B-ACE0-AEDE538D8D68}.AppStore|iPhoneSimulator.Deploy.0 = AppStore|iPhoneSimulator
		{944D8EF8-1E10-4A2B-ACE0-AEDE538D8D68}.Debug|Any CPU.ActiveCfg = Debug|iPhoneSimulator
		{944D8EF8-1E10-4A2B-ACE0-AEDE538D8D68}.Debug|Any CPU.Build.0 = Debug|iPhoneSimulator
		{944D8EF8-1E10-4A2B-ACE0-AEDE538D8D68}.Debug|Any CPU.Deploy.0 = Debug|iPhoneSimulator
		{944D8EF8-1E10-4A2B-ACE0-AEDE538D8D68}.Debug|iPhone.ActiveCfg = Debug|iPhone
		{944D8EF8-1E10-4A2B-ACE0-AEDE538D8D68}.Debug|iPhone.Build.0 = Debug|iPhone
		{944D8EF8-1E10-4A2B-ACE0-AEDE538D8D68}.Debug|iPhone.Deploy.0 = Debug|iPhone
		{944D8EF8-1E10-4A2B-ACE0-AEDE538D8D68}.Debug|iPhoneSimulator.ActiveCfg = Debug|iPhoneSimulator
		{944D8EF8-1E10-4A2B-ACE0-AEDE538D8D68}.Debug|iPhoneSimulator.Build.0 = Debug|iPhoneSimulator
		{944D8EF8-1E10-4A2B-ACE0-AEDE538D8D68}.Debug|iPhoneSimulator.Deploy.0 = Debug|iPhoneSimulator
		{944D8EF8-1E10-4A2B-ACE0-AEDE538D8D68}.Release|Any CPU.ActiveCfg = Release|iPhone
		{944D8EF8-1E10-4A2B-ACE0-AEDE538D8D68}.Release|Any CPU.Build.0 = Release|iPhone
		{944D8EF8-1E10-4A2B-ACE0-AEDE538D8D68}.Release|Any CPU.Deploy.0 = Release|iPhone
		{944D8EF8-1E10-4A2B-ACE0-AEDE538D8D68}.Release|iPhone.ActiveCfg = Release|iPhone
		{944D8EF8-1E10-4A2B-ACE0-AEDE538D8D68}.Release|iPhone.Build.0 = Release|iPhone
		{944D8EF8-1E10-4A2B-ACE0-AEDE538D8D68}.Release|iPhone.Deploy.0 = Release|iPhone
		{944D8EF8-1E10-4A2B-ACE0-AEDE538D8D68}.Release|iPhoneSimulator.ActiveCfg = Release|iPhoneSimulator
		{944D8EF8-1E10-4A2B-ACE0-AEDE538D8D68}.Release|iPhoneSimulator.Build.0 = Release|iPhoneSimulator
		{944D8EF8-1E10-4A2B-ACE0-AEDE538D8D68}.Release|iPhoneSimulator.Deploy.0 = Release|iPhoneSimulator
		{08562349-80D4-4E07-97B3-27689A6EB043}.Ad-Hoc|Any CPU.ActiveCfg = Debug|Any CPU
		{08562349-80D4-4E07-97B3-27689A6EB043}.Ad-Hoc|Any CPU.Build.0 = Debug|Any CPU
		{08562349-80D4-4E07-97B3-27689A6EB043}.Ad-Hoc|Any CPU.Deploy.0 = Debug|Any CPU
		{08562349-80D4-4E07-97B3-27689A6EB043}.Ad-Hoc|iPhone.ActiveCfg = Debug|Any CPU
		{08562349-80D4-4E07-97B3-27689A6EB043}.Ad-Hoc|iPhone.Build.0 = Debug|Any CPU
		{08562349-80D4-4E07-97B3-27689A6EB043}.Ad-Hoc|iPhone.Deploy.0 = Debug|Any CPU
		{08562349-80D4-4E07-97B3-27689A6EB043}.Ad-Hoc|iPhoneSimulator.ActiveCfg = Debug|Any CPU
		{08562349-80D4-4E07-97B3-27689A6EB043}.Ad-Hoc|iPhoneSimulator.Build.0 = Debug|Any CPU
		{08562349-80D4-4E07-97B3-27689A6EB043}.Ad-Hoc|iPhoneSimulator.Deploy.0 = Debug|Any CPU
		{08562349-80D4-4E07-97B3-27689A6EB043}.AppStore|Any CPU.ActiveCfg = Debug|Any CPU
		{08562349-80D4-4E07-97B3-27689A6EB043}.AppStore|Any CPU.Build.0 = Debug|Any CPU
		{08562349-80D4-4E07-97B3-27689A6EB043}.AppStore|Any CPU.Deploy.0 = Debug|Any CPU
		{08562349-80D4-4E07-97B3-27689A6EB043}.AppStore|iPhone.ActiveCfg = Debug|Any CPU
		{08562349-80D4-4E07-97B3-27689A6EB043}.AppStore|iPhone.Build.0 = Debug|Any CPU
		{08562349-80D4-4E07-97B3-27689A6EB043}.AppStore|iPhone.Deploy.0 = Debug|Any CPU
		{08562349-80D4-4E07-97B3-27689A6EB043}.AppStore|iPhoneSimulator.ActiveCfg = Debug|Any CPU
		{08562349-80D4-4E07-97B3-27689A6EB043}.AppStore|iPhoneSimulator.Build.0 = Debug|Any CPU
		{08562349-80D4-4E07-97B3-27689A6EB043}.AppStore|iPhoneSimulator.Deploy.0 = Debug|Any CPU
		{08562349-80D4-4E07-97B3-27689A6EB043}.Debug|Any CPU.ActiveCfg = Debug|Any CPU
		{08562349-80D4-4E07-97B3-27689A6EB043}.Debug|Any CPU.Build.0 = Debug|Any CPU
		{08562349-80D4-4E07-97B3-27689A6EB043}.Debug|Any CPU.Deploy.0 = Debug|Any CPU
		{08562349-80D4-4E07-97B3-27689A6EB043}.Debug|iPhone.ActiveCfg = Debug|Any CPU
		{08562349-80D4-4E07-97B3-27689A6EB043}.Debug|iPhone.Build.0 = Debug|Any CPU
		{08562349-80D4-4E07-97B3-27689A6EB043}.Debug|iPhone.Deploy.0 = Debug|Any CPU
		{08562349-80D4-4E07-97B3-27689A6EB043}.Debug|iPhoneSimulator.ActiveCfg = Debug|Any CPU
		{08562349-80D4-4E07-97B3-27689A6EB043}.Debug|iPhoneSimulator.Build.0 = Debug|Any CPU
		{08562349-80D4-4E07-97B3-27689A6EB043}.Debug|iPhoneSimulator.Deploy.0 = Debug|Any CPU
		{08562349-80D4-4E07-97B3-27689A6EB043}.Release|Any CPU.ActiveCfg = Release|Any CPU
		{08562349-80D4-4E07-97B3-27689A6EB043}.Release|Any CPU.Build.0 = Release|Any CPU
		{08562349-80D4-4E07-97B3-27689A6EB043}.Release|Any CPU.Deploy.0 = Release|Any CPU
		{08562349-80D4-4E07-97B3-27689A6EB043}.Release|iPhone.ActiveCfg = Release|Any CPU
		{08562349-80D4-4E07-97B3-27689A6EB043}.Release|iPhone.Build.0 = Release|Any CPU
		{08562349-80D4-4E07-97B3-27689A6EB043}.Release|iPhone.Deploy.0 = Release|Any CPU
		{08562349-80D4-4E07-97B3-27689A6EB043}.Release|iPhoneSimulator.ActiveCfg = Release|Any CPU
		{08562349-80D4-4E07-97B3-27689A6EB043}.Release|iPhoneSimulator.Build.0 = Release|Any CPU
		{08562349-80D4-4E07-97B3-27689A6EB043}.Release|iPhoneSimulator.Deploy.0 = Release|Any CPU
	EndGlobalSection
	GlobalSection(SolutionProperties) = preSolution
		HideSolutionNode = FALSE
	EndGlobalSection
	GlobalSection(ExtensibilityGlobals) = postSolution
		SolutionGuid = {9BED433A-997C-4BD2-AA5C-90D907211DB9}
	EndGlobalSection
EndGlobal
